
Microsoft Visual Studio Solution File, Format Version 12.00
# Visual Studio Version 16
VisualStudioVersion = 16.0.30907.101
MinimumVisualStudioVersion = 10.0.40219.1
Project("{FAE04EC0-301F-11D3-BF4B-00C04F79EFBC}") = "leave-management", "leave-management\leave-management.csproj", "{3A3D8492-3E9E-413A-A56B-5282ADFAD297}"
EndProject
Global
	GlobalSection(SolutionConfigurationPlatforms) = preSolution
		Debug|Any CPU = Debug|Any CPU
		Release|Any CPU = Release|Any CPU
	EndGlobalSection
	GlobalSection(ProjectConfigurationPlatforms) = postSolution
		{3A3D8492-3E9E-413A-A56B-5282ADFAD297}.Debug|Any CPU.ActiveCfg = Debug|Any CPU
		{3A3D8492-3E9E-413A-A56B-5282ADFAD297}.Debug|Any CPU.Build.0 = Debug|Any CPU
		{3A3D8492-3E9E-413A-A56B-5282ADFAD297}.Release|Any CPU.ActiveCfg = Release|Any CPU
		{3A3D8492-3E9E-413A-A56B-5282ADFAD297}.Release|Any CPU.Build.0 = Release|Any CPU
	EndGlobalSection
	GlobalSection(SolutionProperties) = preSolution
		HideSolutionNode = FALSE
	EndGlobalSection
	GlobalSection(ExtensibilityGlobals) = postSolution
		SolutionGuid = {2E426C82-74EF-4FA9-B3D8-39C6775640EC}
	EndGlobalSection
EndGlobal
